{
  "name": "localization-concept",
  "version": "1.0.0",
  "lockfileVersion": 1,
  "requires": true,
  "dependencies": {
    "acorn": {
      "version": "5.4.1",
      "resolved": "https://registry.npmjs.org/acorn/-/acorn-5.4.1.tgz",
      "integrity": "sha512-XLmq3H/BVvW6/GbxKryGxWORz1ebilSsUDlyC27bXhWGWAZWkGwS6FLHjOlwFXNFoWFQEO/Df4u0YYd0K3BQgQ=="
    },
    "graphlib": {
      "version": "2.1.5",
      "resolved": "https://registry.npmjs.org/graphlib/-/graphlib-2.1.5.tgz",
      "integrity": "sha512-XvtbqCcw+EM5SqQrIetIKKD+uZVNQtDPD1goIg7K73RuRZtVI5rYMdcCVSHm/AS1sCBZ7vt0p5WgXouucHQaOA==",
      "requires": {
        "lodash": "4.17.5"
      }
    },
    "haxe-modular": {
      "version": "0.9.3",
      "resolved": "https://registry.npmjs.org/haxe-modular/-/haxe-modular-0.9.3.tgz",
      "integrity": "sha512-jQdNH164vznMu4i/1ybJ9/qHWoMauoyIUVUJ6kdotaGSZ9dYP5QHM9ZuBl1aTyv44rrlduVbCqHddFnwizKI7w==",
      "requires": {
        "acorn": "5.4.1",
        "graphlib": "2.1.5",
        "react-deep-force-update": "2.1.1",
        "react-proxy": "2.0.8",
        "source-map": "0.6.1"
      }
    },
    "lodash": {
      "version": "4.17.5",
      "resolved": "https://registry.npmjs.org/lodash/-/lodash-4.17.5.tgz",
      "integrity": "sha512-svL3uiZf1RwhH+cWrfZn3A4+U58wbP0tGVTLQPbjplZxZ8ROD9VLuNgsRniTlLe7OlSqR79RUehXgpBW/s0IQw=="
    },
    "react-deep-force-update": {
      "version": "2.1.1",
      "resolved": "https://registry.npmjs.org/react-deep-force-update/-/react-deep-force-update-2.1.1.tgz",
      "integrity": "sha1-jqQmPNZFWgULN0RbPwj9g52G6Qk="
    },
    "react-proxy": {
      "version": "2.0.8",
      "resolved": "https://registry.npmjs.org/react-proxy/-/react-proxy-2.0.8.tgz",
      "integrity": "sha1-dq54yb5OVNQJz+x7t9UT7H8bKEw=",
      "requires": {
        "lodash": "4.17.5"
      }
    },
    "source-map": {
      "version": "0.6.1",
      "resolved": "https://registry.npmjs.org/source-map/-/source-map-0.6.1.tgz",
      "integrity": "sha512-UjgapumWlbMhkBgzT7Ykc5YXUT46F0iKu8SGXq0bcwP5dz/h0Plj6enJqjz1Zbq2l5WaqYnrVbwWOWMyF3F47g=="
    }
  }
}
